
Microsoft Visual Studio Solution File, Format Version 12.00
# Visual Studio Version 16
VisualStudioVersion = 16.0.32428.217
MinimumVisualStudioVersion = 10.0.40219.1
Project("{FAE04EC0-301F-11D3-BF4B-00C04F79EFBC}") = "AOPLogTest", "AOPLogTest.csproj", "{AD2A1E97-A71A-452E-9F17-9A58A0F7AA77}"
EndProject
Global
	GlobalSection(SolutionConfigurationPlatforms) = preSolution
		Debug|Any CPU = Debug|Any CPU
		Release|Any CPU = Release|Any CPU
	EndGlobalSection
	GlobalSection(ProjectConfigurationPlatforms) = postSolution
		{AD2A1E97-A71A-452E-9F17-9A58A0F7AA77}.Debug|Any CPU.ActiveCfg = Debug|Any CPU
		{AD2A1E97-A71A-452E-9F17-9A58A0F7AA77}.Debug|Any CPU.Build.0 = Debug|Any CPU
		{AD2A1E97-A71A-452E-9F17-9A58A0F7AA77}.Release|Any CPU.ActiveCfg = Release|Any CPU
		{AD2A1E97-A71A-452E-9F17-9A58A0F7AA77}.Release|Any CPU.Build.0 = Release|Any CPU
	EndGlobalSection
	GlobalSection(SolutionProperties) = preSolution
		HideSolutionNode = FALSE
	EndGlobalSection
	GlobalSection(ExtensibilityGlobals) = postSolution
		SolutionGuid = {D2A08752-1F85-4892-AE1D-017190835229}
	EndGlobalSection
EndGlobal
